
Microsoft Visual Studio Solution File, Format Version 12.00
# Visual Studio Version 16
VisualStudioVersion = 16.0.30011.22
MinimumVisualStudioVersion = 10.0.40219.1
Project("{FAE04EC0-301F-11D3-BF4B-00C04F79EFBC}") = "Congui", "Congui\Congui.csproj", "{1C4C7340-ABCB-4BC7-98DB-B851BD007EB0}"
EndProject
Project("{FAE04EC0-301F-11D3-BF4B-00C04F79EFBC}") = "Conhics", "Conhics\Conhics\Conhics.csproj", "{98BEC141-902B-4EE6-9546-43521BCEB4DB}"
EndProject
Global
	GlobalSection(SolutionConfigurationPlatforms) = preSolution
		Debug|Any CPU = Debug|Any CPU
		Release|Any CPU = Release|Any CPU
	EndGlobalSection
	GlobalSection(ProjectConfigurationPlatforms) = postSolution
		{1C4C7340-ABCB-4BC7-98DB-B851BD007EB0}.Debug|Any CPU.ActiveCfg = Debug|Any CPU
		{1C4C7340-ABCB-4BC7-98DB-B851BD007EB0}.Debug|Any CPU.Build.0 = Debug|Any CPU
		{1C4C7340-ABCB-4BC7-98DB-B851BD007EB0}.Release|Any CPU.ActiveCfg = Release|Any CPU
		{1C4C7340-ABCB-4BC7-98DB-B851BD007EB0}.Release|Any CPU.Build.0 = Release|Any CPU
		{98BEC141-902B-4EE6-9546-43521BCEB4DB}.Debug|Any CPU.ActiveCfg = Debug|Any CPU
		{98BEC141-902B-4EE6-9546-43521BCEB4DB}.Debug|Any CPU.Build.0 = Debug|Any CPU
		{98BEC141-902B-4EE6-9546-43521BCEB4DB}.Release|Any CPU.ActiveCfg = Release|Any CPU
		{98BEC141-902B-4EE6-9546-43521BCEB4DB}.Release|Any CPU.Build.0 = Release|Any CPU
	EndGlobalSection
	GlobalSection(SolutionProperties) = preSolution
		HideSolutionNode = FALSE
	EndGlobalSection
	GlobalSection(ExtensibilityGlobals) = postSolution
		SolutionGuid = {9DCD43CF-768E-4026-9872-9D18F9C19AB7}
	EndGlobalSection
EndGlobal
