
Microsoft Visual Studio Solution File, Format Version 12.00
# Visual Studio Version 16
VisualStudioVersion = 16.0.30011.22
MinimumVisualStudioVersion = 10.0.40219.1
Project("{9A19103F-16F7-4668-BE54-9A1E7A4F7556}") = "Congui", "Congui\Congui.csproj", "{072F1378-70A3-4C42-8652-23656733BEAC}"
EndProject
Project("{FAE04EC0-301F-11D3-BF4B-00C04F79EFBC}") = "Conhics", "Conhics\Conhics\Conhics.csproj", "{98BEC141-902B-4EE6-9546-43521BCEB4DB}"
EndProject
Global
	GlobalSection(SolutionConfigurationPlatforms) = preSolution
		Debug|Any CPU = Debug|Any CPU
		Release|Any CPU = Release|Any CPU
	EndGlobalSection
	GlobalSection(ProjectConfigurationPlatforms) = postSolution
		{072F1378-70A3-4C42-8652-23656733BEAC}.Debug|Any CPU.ActiveCfg = Debug|Any CPU
		{072F1378-70A3-4C42-8652-23656733BEAC}.Debug|Any CPU.Build.0 = Debug|Any CPU
		{072F1378-70A3-4C42-8652-23656733BEAC}.Release|Any CPU.ActiveCfg = Release|Any CPU
		{072F1378-70A3-4C42-8652-23656733BEAC}.Release|Any CPU.Build.0 = Release|Any CPU
		{98BEC141-902B-4EE6-9546-43521BCEB4DB}.Debug|Any CPU.ActiveCfg = Debug|Any CPU
		{98BEC141-902B-4EE6-9546-43521BCEB4DB}.Debug|Any CPU.Build.0 = Debug|Any CPU
		{98BEC141-902B-4EE6-9546-43521BCEB4DB}.Release|Any CPU.ActiveCfg = Release|Any CPU
		{98BEC141-902B-4EE6-9546-43521BCEB4DB}.Release|Any CPU.Build.0 = Release|Any CPU
	EndGlobalSection
	GlobalSection(SolutionProperties) = preSolution
		HideSolutionNode = FALSE
	EndGlobalSection
	GlobalSection(ExtensibilityGlobals) = postSolution
		SolutionGuid = {795345E3-360F-4BF8-A776-4DB0E4E064DF}
	EndGlobalSection
EndGlobal
